{
  "originHash" : "30ddb1002842976cd2adcc134eada52c326d4c18e1108c23006d630bdbda49c9",
  "pins" : [
    {
      "identity" : "qupapi",
      "kind" : "remoteSourceControl",
      "location" : "https://github.com/keyvanarasteh/QupAPI.git",
      "state" : {
        "branch" : "master",
        "revision" : "72aea9d196f6ed4d309feb03105bd187f800b8b1"
      }
    },
    {
      "identity" : "qupcore",
      "kind" : "remoteSourceControl",
      "location" : "https://github.com/keyvanarasteh/QupCore.git",
      "state" : {
        "branch" : "master",
        "revision" : "f939a7835afc447ce157b365e4f93570527b88b6"
      }
    },
    {
      "identity" : "qupdesignsystem",
      "kind" : "remoteSourceControl",
      "location" : "https://github.com/keyvanarasteh/QupDesignSystem.git",
      "state" : {
        "branch" : "master",
        "revision" : "a3268f104989937e728705befabd45059d4502a4"
      }
    },
    {
      "identity" : "qupdynamicui",
      "kind" : "remoteSourceControl",
      "location" : "https://github.com/keyvanarasteh/QupDynamicUI.git",
      "state" : {
        "branch" : "master",
        "revision" : "b2724aaa8c559c5f7bbfab682df420a8cd568966"
      }
    },
    {
      "identity" : "qupfeaturecontracts",
      "kind" : "remoteSourceControl",
      "location" : "https://github.com/keyvanarasteh/QupFeatureContracts.git",
      "state" : {
        "branch" : "master",
        "revision" : "770631319173180806d7ef30434914e3ed2197c3"
      }
    },
    {
      "identity" : "qupfoundationmodelskit",
      "kind" : "remoteSourceControl",
      "location" : "https://github.com/keyvanarasteh/QupFoundationModelsKit.git",
      "state" : {
        "branch" : "master",
        "revision" : "b903b3c1b27510f52918420f4a3762b8d9ecee8a"
      }
    },
    {
      "identity" : "qupnetworking",
      "kind" : "remoteSourceControl",
      "location" : "https://github.com/keyvanarasteh/QupNetworking.git",
      "state" : {
        "branch" : "master",
        "revision" : "1930e7da28452d92befe93e4d3a14d38cdf7fffc"
      }
    },
    {
      "identity" : "qupqlineauth",
      "kind" : "remoteSourceControl",
      "location" : "https://github.com/keyvanarasteh/QupQlineAuth.git",
      "state" : {
        "branch" : "master",
        "revision" : "78bdbde2445b397df53a2110fff74221fae07765"
      }
    },
    {
      "identity" : "qupswiftaisdk",
      "kind" : "remoteSourceControl",
      "location" : "https://github.com/keyvanarasteh/QupSwiftAISDK.git",
      "state" : {
        "branch" : "master",
        "revision" : "bee17bd3f1116ed6fb06e6fcdae05d8239f3455b"
      }
    },
    {
      "identity" : "qupux",
      "kind" : "remoteSourceControl",
      "location" : "https://github.com/keyvanarasteh/QupUX.git",
      "state" : {
        "branch" : "master",
        "revision" : "10907c9cfa40e546073f15448462071d5a7789dc"
      }
    }
  ],
  "version" : 3
}
